
Microsoft Visual Studio Solution File, Format Version 12.00
# Visual Studio 2013
VisualStudioVersion = 12.0.40629.0
MinimumVisualStudioVersion = 10.0.40219.1
Project("{FAE04EC0-301F-11D3-BF4B-00C04F79EFBC}") = "Lithnet.ResourceManagement.Client", "Lithnet.ResourceManagement.Client\Lithnet.ResourceManagement.Client.csproj", "{9EDCC4ED-2317-42A8-86F4-A6D228BBF9DB}"
EndProject
Project("{FAE04EC0-301F-11D3-BF4B-00C04F79EFBC}") = "Lithnet.ResourceManagement.Client.UnitTests", "Lithnet.ResourceManagement.Client.UnitTests\Lithnet.ResourceManagement.Client.UnitTests.csproj", "{0CD42F09-0F00-40D9-BF0C-79B4E749E697}"
EndProject
Project("{7CF6DF6D-3B04-46F8-A40B-537D21BCA0B4}") = "Lithnet.ResourceManagement.Client.Help", "Lithnet.ResourceManagement.Client.Help\Lithnet.ResourceManagement.Client.Help.shfbproj", "{9E38FA7E-BD0B-4B3B-912C-83A8E3B1708B}"
EndProject
Project("{FAE04EC0-301F-11D3-BF4B-00C04F79EFBC}") = "Lithnet.ResourceManagement.Client.Help.Examples", "Lithnet.ResourceManagement.Client.Help.Examples\Lithnet.ResourceManagement.Client.Help.Examples.csproj", "{78822806-7FE0-4648-B460-A7DB5452D597}"
EndProject
Global
	GlobalSection(SolutionConfigurationPlatforms) = preSolution
		Debug|Any CPU = Debug|Any CPU
		Release (nuget)|Any CPU = Release (nuget)|Any CPU
		Release|Any CPU = Release|Any CPU
	EndGlobalSection
	GlobalSection(ProjectConfigurationPlatforms) = postSolution
		{9EDCC4ED-2317-42A8-86F4-A6D228BBF9DB}.Debug|Any CPU.ActiveCfg = Debug|Any CPU
		{9EDCC4ED-2317-42A8-86F4-A6D228BBF9DB}.Debug|Any CPU.Build.0 = Debug|Any CPU
		{9EDCC4ED-2317-42A8-86F4-A6D228BBF9DB}.Release (nuget)|Any CPU.ActiveCfg = Release (nuget)|Any CPU
		{9EDCC4ED-2317-42A8-86F4-A6D228BBF9DB}.Release (nuget)|Any CPU.Build.0 = Release (nuget)|Any CPU
		{9EDCC4ED-2317-42A8-86F4-A6D228BBF9DB}.Release|Any CPU.ActiveCfg = Release|Any CPU
		{9EDCC4ED-2317-42A8-86F4-A6D228BBF9DB}.Release|Any CPU.Build.0 = Release|Any CPU
		{0CD42F09-0F00-40D9-BF0C-79B4E749E697}.Debug|Any CPU.ActiveCfg = Debug|Any CPU
		{0CD42F09-0F00-40D9-BF0C-79B4E749E697}.Debug|Any CPU.Build.0 = Debug|Any CPU
		{0CD42F09-0F00-40D9-BF0C-79B4E749E697}.Release (nuget)|Any CPU.ActiveCfg = Release (nuget)|Any CPU
		{0CD42F09-0F00-40D9-BF0C-79B4E749E697}.Release|Any CPU.ActiveCfg = Release|Any CPU
		{0CD42F09-0F00-40D9-BF0C-79B4E749E697}.Release|Any CPU.Build.0 = Release|Any CPU
		{9E38FA7E-BD0B-4B3B-912C-83A8E3B1708B}.Debug|Any CPU.ActiveCfg = Debug|Any CPU
		{9E38FA7E-BD0B-4B3B-912C-83A8E3B1708B}.Release (nuget)|Any CPU.ActiveCfg = Release|Any CPU
		{9E38FA7E-BD0B-4B3B-912C-83A8E3B1708B}.Release|Any CPU.ActiveCfg = Release|Any CPU
		{9E38FA7E-BD0B-4B3B-912C-83A8E3B1708B}.Release|Any CPU.Build.0 = Release|Any CPU
		{78822806-7FE0-4648-B460-A7DB5452D597}.Debug|Any CPU.ActiveCfg = Debug|Any CPU
		{78822806-7FE0-4648-B460-A7DB5452D597}.Debug|Any CPU.Build.0 = Debug|Any CPU
		{78822806-7FE0-4648-B460-A7DB5452D597}.Release (nuget)|Any CPU.ActiveCfg = Release|Any CPU
		{78822806-7FE0-4648-B460-A7DB5452D597}.Release (nuget)|Any CPU.Build.0 = Release|Any CPU
		{78822806-7FE0-4648-B460-A7DB5452D597}.Release|Any CPU.ActiveCfg = Release|Any CPU
		{78822806-7FE0-4648-B460-A7DB5452D597}.Release|Any CPU.Build.0 = Release|Any CPU
	EndGlobalSection
	GlobalSection(SolutionProperties) = preSolution
		HideSolutionNode = FALSE
	EndGlobalSection
EndGlobal
